
Microsoft Visual Studio Solution File, Format Version 12.00
# Visual Studio Version 16
VisualStudioVersion = 16.0.29230.47
MinimumVisualStudioVersion = 10.0.40219.1
Project("{FAE04EC0-301F-11D3-BF4B-00C04F79EFBC}") = "PartialClassDemo", "PartialClassDemo\PartialClassDemo.csproj", "{9A004FD6-67A1-44AC-88CC-E35EE3DF941C}"
EndProject
Project("{FAE04EC0-301F-11D3-BF4B-00C04F79EFBC}") = "SimpleWinFormsApp", "SimpleWinFormsApp\SimpleWinFormsApp.csproj", "{602A4CD2-979C-432D-9EAE-77998A3CD1D2}"
EndProject
Global
	GlobalSection(SolutionConfigurationPlatforms) = preSolution
		Debug|Any CPU = Debug|Any CPU
		Release|Any CPU = Release|Any CPU
	EndGlobalSection
	GlobalSection(ProjectConfigurationPlatforms) = postSolution
		{9A004FD6-67A1-44AC-88CC-E35EE3DF941C}.Debug|Any CPU.ActiveCfg = Debug|Any CPU
		{9A004FD6-67A1-44AC-88CC-E35EE3DF941C}.Debug|Any CPU.Build.0 = Debug|Any CPU
		{9A004FD6-67A1-44AC-88CC-E35EE3DF941C}.Release|Any CPU.ActiveCfg = Release|Any CPU
		{9A004FD6-67A1-44AC-88CC-E35EE3DF941C}.Release|Any CPU.Build.0 = Release|Any CPU
		{602A4CD2-979C-432D-9EAE-77998A3CD1D2}.Debug|Any CPU.ActiveCfg = Debug|Any CPU
		{602A4CD2-979C-432D-9EAE-77998A3CD1D2}.Debug|Any CPU.Build.0 = Debug|Any CPU
		{602A4CD2-979C-432D-9EAE-77998A3CD1D2}.Release|Any CPU.ActiveCfg = Release|Any CPU
		{602A4CD2-979C-432D-9EAE-77998A3CD1D2}.Release|Any CPU.Build.0 = Release|Any CPU
	EndGlobalSection
	GlobalSection(SolutionProperties) = preSolution
		HideSolutionNode = FALSE
	EndGlobalSection
	GlobalSection(ExtensibilityGlobals) = postSolution
		SolutionGuid = {0D6C6C15-E9A5-4453-A46D-B470DEFBC8BE}
	EndGlobalSection
EndGlobal
